
Microsoft Visual Studio Solution File, Format Version 12.00
# Visual Studio Version 17
VisualStudioVersion = 17.14.36511.14
MinimumVisualStudioVersion = 10.0.40219.1
Project("{FAE04EC0-301F-11D3-BF4B-00C04F79EFBC}") = "GUI", "GUI\GUI.csproj", "{4D0BCAEF-443E-48EF-A87A-B9F4C61B3CA6}"
EndProject
Project("{FAE04EC0-301F-11D3-BF4B-00C04F79EFBC}") = "BLL", "BLL\BLL.csproj", "{65B932D7-5CC1-4364-B970-9916FDC289A4}"
EndProject
Project("{FAE04EC0-301F-11D3-BF4B-00C04F79EFBC}") = "BLL.Tests", "BLLTest\BLL.Tests.csproj", "{673056B2-1CFF-40D6-8D6F-022A740EA227}"
EndProject
Global
	GlobalSection(SolutionConfigurationPlatforms) = preSolution
		Debug|Any CPU = Debug|Any CPU
		Release|Any CPU = Release|Any CPU
	EndGlobalSection
	GlobalSection(ProjectConfigurationPlatforms) = postSolution
		{4D0BCAEF-443E-48EF-A87A-B9F4C61B3CA6}.Debug|Any CPU.ActiveCfg = Debug|Any CPU
		{4D0BCAEF-443E-48EF-A87A-B9F4C61B3CA6}.Debug|Any CPU.Build.0 = Debug|Any CPU
		{4D0BCAEF-443E-48EF-A87A-B9F4C61B3CA6}.Release|Any CPU.ActiveCfg = Release|Any CPU
		{4D0BCAEF-443E-48EF-A87A-B9F4C61B3CA6}.Release|Any CPU.Build.0 = Release|Any CPU
		{65B932D7-5CC1-4364-B970-9916FDC289A4}.Debug|Any CPU.ActiveCfg = Debug|Any CPU
		{65B932D7-5CC1-4364-B970-9916FDC289A4}.Debug|Any CPU.Build.0 = Debug|Any CPU
		{65B932D7-5CC1-4364-B970-9916FDC289A4}.Release|Any CPU.ActiveCfg = Release|Any CPU
		{65B932D7-5CC1-4364-B970-9916FDC289A4}.Release|Any CPU.Build.0 = Release|Any CPU
		{673056B2-1CFF-40D6-8D6F-022A740EA227}.Debug|Any CPU.ActiveCfg = Debug|Any CPU
		{673056B2-1CFF-40D6-8D6F-022A740EA227}.Debug|Any CPU.Build.0 = Debug|Any CPU
		{673056B2-1CFF-40D6-8D6F-022A740EA227}.Release|Any CPU.ActiveCfg = Release|Any CPU
		{673056B2-1CFF-40D6-8D6F-022A740EA227}.Release|Any CPU.Build.0 = Release|Any CPU
	EndGlobalSection
	GlobalSection(SolutionProperties) = preSolution
		HideSolutionNode = FALSE
	EndGlobalSection
	GlobalSection(ExtensibilityGlobals) = postSolution
		SolutionGuid = {6F87566B-42B9-4FFD-97A2-1A6732AE03C3}
	EndGlobalSection
EndGlobal
